
Microsoft Visual Studio Solution File, Format Version 12.00
# Visual Studio 15
VisualStudioVersion = 15.0.28010.2019
MinimumVisualStudioVersion = 10.0.40219.1
Project("{FAE04EC0-301F-11D3-BF4B-00C04F79EFBC}") = "EditablePrototype", "EditablePrototype\EditablePrototype.csproj", "{00BB4879-47DD-4597-92A1-54F663C4A0BE}"
EndProject
Global
	GlobalSection(SolutionConfigurationPlatforms) = preSolution
		Debug|Any CPU = Debug|Any CPU
		Release|Any CPU = Release|Any CPU
	EndGlobalSection
	GlobalSection(ProjectConfigurationPlatforms) = postSolution
		{00BB4879-47DD-4597-92A1-54F663C4A0BE}.Debug|Any CPU.ActiveCfg = Debug|Any CPU
		{00BB4879-47DD-4597-92A1-54F663C4A0BE}.Debug|Any CPU.Build.0 = Debug|Any CPU
		{00BB4879-47DD-4597-92A1-54F663C4A0BE}.Release|Any CPU.ActiveCfg = Release|Any CPU
		{00BB4879-47DD-4597-92A1-54F663C4A0BE}.Release|Any CPU.Build.0 = Release|Any CPU
	EndGlobalSection
	GlobalSection(SolutionProperties) = preSolution
		HideSolutionNode = FALSE
	EndGlobalSection
	GlobalSection(ExtensibilityGlobals) = postSolution
		SolutionGuid = {4669DF49-F416-4CFB-9E66-C69587F5D110}
	EndGlobalSection
EndGlobal
